{
  "name": "schwarz",
  "version": "1.0.0",
  "lockfileVersion": 3,
  "requires": true,
  "packages": {
    "": {
      "name": "schwarz",
      "version": "1.0.0",
      "license": "ISC",
      "dependencies": {
        "jquery": "^3.7.1",
        "venobox": "^2.1.8"
      }
    },
    "node_modules/jquery": {
      "version": "3.7.1",
      "resolved": "https://registry.npmjs.org/jquery/-/jquery-3.7.1.tgz",
      "integrity": "sha512-m4avr8yL8kmFN8psrbFFFmB/If14iN5o9nw/NgnnM+kybDJpRsAynV2BsfpTYrTRysYUdADVD7CkUUizgkpLfg=="
    },
    "node_modules/venobox": {
      "version": "2.1.8",
      "resolved": "https://registry.npmjs.org/venobox/-/venobox-2.1.8.tgz",
      "integrity": "sha512-GfT2ejBfdwgTJ02XhoZY9zz+f6OD3+R1IaCy1kxhaDbvchZLNgunbPhq6k69/4jqGlQvwa+sxvufhR9A8UQyKQ=="
    }
  }
}
